{
  "requires": true,
  "lockfileVersion": 1,
  "dependencies": {
    "deepmerge": {
      "version": "4.2.2",
      "resolved": "https://registry.npmjs.org/deepmerge/-/deepmerge-4.2.2.tgz",
      "integrity": "sha512-FJ3UgI4gIl+PHZm53knsuSFpE+nESMr7M4v9QcgB7S63Kj/6WqMiFQJpBBYz1Pt+66bZpP3Q7Lye0Oo9MPKEdg=="
    },
    "shvl": {
      "version": "2.0.1",
      "resolved": "https://registry.npmjs.org/shvl/-/shvl-2.0.1.tgz",
      "integrity": "sha512-VU7R5Uxp38LKHooGuZe0TcX2EPK95nn8DvclAvTPyD9/qHmXvt3dR2pJ4JLZ8uLjxQNQ3zNLFJCreteIj3cvpw=="
    },
    "vuex-persistedstate": {
      "version": "4.0.0-beta.1",
      "resolved": "https://registry.npmjs.org/vuex-persistedstate/-/vuex-persistedstate-4.0.0-beta.1.tgz",
      "integrity": "sha512-G3d7i6vnSelrYWfCfSKi52e4ZlHlm99yAaMAHYQrCPAPKwYofTxo1QqLtndzvoZpFd/gx2IsAKSeaFjjpuVLYA==",
      "requires": {
        "deepmerge": "^4.2.2",
        "shvl": "^2.0.0"
      }
    }
  }
}
