{
  "name": "spider-music-list-for-ximalaya",
  "version": "1.0.0",
  "lockfileVersion": 1,
  "requires": true,
  "dependencies": {
    "clear-collection": {
      "version": "file:../common/clear-collection"
    },
    "collection-for-music-list": {
      "version": "file:../common/collection-for-music-list"
    },
    "hello-mock": {
      "version": "file:../common/hello-mock"
    },
    "http-for-spider": {
      "version": "file:../common/http-for-spider"
    }
  }
}
