{
  "name": "mock-common-for-music-detail",
  "version": "1.0.0",
  "lockfileVersion": 1,
  "requires": true,
  "dependencies": {
    "clear-collection": {
      "version": "file:../common/clear-collection"
    },
    "get-all-list": {
      "version": "file:../common/get-all-list"
    },
    "hello-mock": {
      "version": "file:../common/hello-mock"
    }
  }
}
